
Microsoft Visual Studio Solution File, Format Version 12.00
# Visual Studio 2012
Project("{F184B08F-C81C-45F6-A57F-5ABD9991F28F}") = "Bank App", "Bank App\Bank App.vbproj", "{E78F35D3-E6A3-4BE6-AF5B-EFE7BCEC2F71}"
EndProject
Project("{6141683F-8A12-4E36-9623-2EB02B2C2303}") = "Setup1", "Setup1\Setup1.isproj", "{B0331A21-1882-458A-9084-85B95C7C4E51}"
	ProjectSection(ProjectDependencies) = postProject
		{E78F35D3-E6A3-4BE6-AF5B-EFE7BCEC2F71} = {E78F35D3-E6A3-4BE6-AF5B-EFE7BCEC2F71}
	EndProjectSection
EndProject
Project("{6141683F-8A12-4E36-9623-2EB02B2C2303}") = "Setup2", "Setup2\Setup2.isproj", "{6AD143CE-4E7D-4BF8-9606-F50DDBFA3638}"
EndProject
Project("{6141683F-8A12-4E36-9623-2EB02B2C2303}") = "BankSoftwareSetup", "BankSoftwareSetup\BankSoftwareSetup.isproj", "{B447BA62-DEE8-41B6-B0BB-E807DADBF87D}"
	ProjectSection(ProjectDependencies) = postProject
		{E78F35D3-E6A3-4BE6-AF5B-EFE7BCEC2F71} = {E78F35D3-E6A3-4BE6-AF5B-EFE7BCEC2F71}
	EndProjectSection
EndProject
Project("{6141683F-8A12-4E36-9623-2EB02B2C2303}") = "Setup3", "Setup3\Setup3.isproj", "{5256A2F7-2E16-4B7F-86AF-B13526DBF1D5}"
	ProjectSection(ProjectDependencies) = postProject
		{E78F35D3-E6A3-4BE6-AF5B-EFE7BCEC2F71} = {E78F35D3-E6A3-4BE6-AF5B-EFE7BCEC2F71}
	EndProjectSection
EndProject
Global
	GlobalSection(SolutionConfigurationPlatforms) = preSolution
		CD_ROM|Any CPU = CD_ROM|Any CPU
		Debug|Any CPU = Debug|Any CPU
		DVD-5|Any CPU = DVD-5|Any CPU
		Release|Any CPU = Release|Any CPU
		SingleImage|Any CPU = SingleImage|Any CPU
	EndGlobalSection
	GlobalSection(ProjectConfigurationPlatforms) = postSolution
		{E78F35D3-E6A3-4BE6-AF5B-EFE7BCEC2F71}.CD_ROM|Any CPU.ActiveCfg = Release|Any CPU
		{E78F35D3-E6A3-4BE6-AF5B-EFE7BCEC2F71}.CD_ROM|Any CPU.Build.0 = Release|Any CPU
		{E78F35D3-E6A3-4BE6-AF5B-EFE7BCEC2F71}.Debug|Any CPU.ActiveCfg = Debug|Any CPU
		{E78F35D3-E6A3-4BE6-AF5B-EFE7BCEC2F71}.Debug|Any CPU.Build.0 = Debug|Any CPU
		{E78F35D3-E6A3-4BE6-AF5B-EFE7BCEC2F71}.DVD-5|Any CPU.ActiveCfg = Debug|Any CPU
		{E78F35D3-E6A3-4BE6-AF5B-EFE7BCEC2F71}.DVD-5|Any CPU.Build.0 = Debug|Any CPU
		{E78F35D3-E6A3-4BE6-AF5B-EFE7BCEC2F71}.Release|Any CPU.ActiveCfg = Release|Any CPU
		{E78F35D3-E6A3-4BE6-AF5B-EFE7BCEC2F71}.Release|Any CPU.Build.0 = Release|Any CPU
		{E78F35D3-E6A3-4BE6-AF5B-EFE7BCEC2F71}.SingleImage|Any CPU.ActiveCfg = Release|Any CPU
		{E78F35D3-E6A3-4BE6-AF5B-EFE7BCEC2F71}.SingleImage|Any CPU.Build.0 = Release|Any CPU
		{B0331A21-1882-458A-9084-85B95C7C4E51}.CD_ROM|Any CPU.ActiveCfg = CD_ROM
		{B0331A21-1882-458A-9084-85B95C7C4E51}.CD_ROM|Any CPU.Build.0 = CD_ROM
		{B0331A21-1882-458A-9084-85B95C7C4E51}.Debug|Any CPU.ActiveCfg = DVD-5
		{B0331A21-1882-458A-9084-85B95C7C4E51}.Debug|Any CPU.Build.0 = DVD-5
		{B0331A21-1882-458A-9084-85B95C7C4E51}.DVD-5|Any CPU.ActiveCfg = DVD-5
		{B0331A21-1882-458A-9084-85B95C7C4E51}.DVD-5|Any CPU.Build.0 = DVD-5
		{B0331A21-1882-458A-9084-85B95C7C4E51}.Release|Any CPU.ActiveCfg = SingleImage
		{B0331A21-1882-458A-9084-85B95C7C4E51}.Release|Any CPU.Build.0 = SingleImage
		{B0331A21-1882-458A-9084-85B95C7C4E51}.SingleImage|Any CPU.ActiveCfg = SingleImage
		{B0331A21-1882-458A-9084-85B95C7C4E51}.SingleImage|Any CPU.Build.0 = SingleImage
		{6AD143CE-4E7D-4BF8-9606-F50DDBFA3638}.CD_ROM|Any CPU.ActiveCfg = CD_ROM
		{6AD143CE-4E7D-4BF8-9606-F50DDBFA3638}.CD_ROM|Any CPU.Build.0 = CD_ROM
		{6AD143CE-4E7D-4BF8-9606-F50DDBFA3638}.Debug|Any CPU.ActiveCfg = DVD-5
		{6AD143CE-4E7D-4BF8-9606-F50DDBFA3638}.Debug|Any CPU.Build.0 = DVD-5
		{6AD143CE-4E7D-4BF8-9606-F50DDBFA3638}.DVD-5|Any CPU.ActiveCfg = DVD-5
		{6AD143CE-4E7D-4BF8-9606-F50DDBFA3638}.DVD-5|Any CPU.Build.0 = DVD-5
		{6AD143CE-4E7D-4BF8-9606-F50DDBFA3638}.Release|Any CPU.ActiveCfg = SingleImage
		{6AD143CE-4E7D-4BF8-9606-F50DDBFA3638}.Release|Any CPU.Build.0 = SingleImage
		{6AD143CE-4E7D-4BF8-9606-F50DDBFA3638}.SingleImage|Any CPU.ActiveCfg = SingleImage
		{6AD143CE-4E7D-4BF8-9606-F50DDBFA3638}.SingleImage|Any CPU.Build.0 = SingleImage
		{B447BA62-DEE8-41B6-B0BB-E807DADBF87D}.CD_ROM|Any CPU.ActiveCfg = CD_ROM
		{B447BA62-DEE8-41B6-B0BB-E807DADBF87D}.CD_ROM|Any CPU.Build.0 = CD_ROM
		{B447BA62-DEE8-41B6-B0BB-E807DADBF87D}.Debug|Any CPU.ActiveCfg = DVD-5
		{B447BA62-DEE8-41B6-B0BB-E807DADBF87D}.Debug|Any CPU.Build.0 = DVD-5
		{B447BA62-DEE8-41B6-B0BB-E807DADBF87D}.DVD-5|Any CPU.ActiveCfg = DVD-5
		{B447BA62-DEE8-41B6-B0BB-E807DADBF87D}.DVD-5|Any CPU.Build.0 = DVD-5
		{B447BA62-DEE8-41B6-B0BB-E807DADBF87D}.Release|Any CPU.ActiveCfg = SingleImage
		{B447BA62-DEE8-41B6-B0BB-E807DADBF87D}.Release|Any CPU.Build.0 = SingleImage
		{B447BA62-DEE8-41B6-B0BB-E807DADBF87D}.SingleImage|Any CPU.ActiveCfg = SingleImage
		{B447BA62-DEE8-41B6-B0BB-E807DADBF87D}.SingleImage|Any CPU.Build.0 = SingleImage
		{5256A2F7-2E16-4B7F-86AF-B13526DBF1D5}.CD_ROM|Any CPU.ActiveCfg = CD_ROM
		{5256A2F7-2E16-4B7F-86AF-B13526DBF1D5}.CD_ROM|Any CPU.Build.0 = CD_ROM
		{5256A2F7-2E16-4B7F-86AF-B13526DBF1D5}.Debug|Any CPU.ActiveCfg = DVD-5
		{5256A2F7-2E16-4B7F-86AF-B13526DBF1D5}.Debug|Any CPU.Build.0 = DVD-5
		{5256A2F7-2E16-4B7F-86AF-B13526DBF1D5}.DVD-5|Any CPU.ActiveCfg = DVD-5
		{5256A2F7-2E16-4B7F-86AF-B13526DBF1D5}.DVD-5|Any CPU.Build.0 = DVD-5
		{5256A2F7-2E16-4B7F-86AF-B13526DBF1D5}.Release|Any CPU.ActiveCfg = SingleImage
		{5256A2F7-2E16-4B7F-86AF-B13526DBF1D5}.Release|Any CPU.Build.0 = SingleImage
		{5256A2F7-2E16-4B7F-86AF-B13526DBF1D5}.SingleImage|Any CPU.ActiveCfg = SingleImage
		{5256A2F7-2E16-4B7F-86AF-B13526DBF1D5}.SingleImage|Any CPU.Build.0 = SingleImage
	EndGlobalSection
	GlobalSection(SolutionProperties) = preSolution
		HideSolutionNode = FALSE
	EndGlobalSection
EndGlobal
